
Microsoft Visual Studio Solution File, Format Version 12.00
# Visual Studio Express 2012 for Windows Desktop
Project("{FAE04EC0-301F-11D3-BF4B-00C04F79EFBC}") = "KAS", "KAS.csproj", "{3C0C1ACF-15FB-4852-A15A-BC3F16D3EF33}"
EndProject
Project("{FAE04EC0-301F-11D3-BF4B-00C04F79EFBC}") = "KPYDebugTools", "DebugTools\KPYDebugTools.csproj", "{B1BEA813-F455-426E-8BEA-2231378B03B5}"
EndProject
Global
	GlobalSection(SolutionConfigurationPlatforms) = preSolution
		Debug|Any CPU = Debug|Any CPU
		Release|Any CPU = Release|Any CPU
	EndGlobalSection
	GlobalSection(ProjectConfigurationPlatforms) = postSolution
		{3C0C1ACF-15FB-4852-A15A-BC3F16D3EF33}.Debug|Any CPU.ActiveCfg = Debug|Any CPU
		{3C0C1ACF-15FB-4852-A15A-BC3F16D3EF33}.Debug|Any CPU.Build.0 = Debug|Any CPU
		{3C0C1ACF-15FB-4852-A15A-BC3F16D3EF33}.Release|Any CPU.ActiveCfg = Release|Any CPU
		{3C0C1ACF-15FB-4852-A15A-BC3F16D3EF33}.Release|Any CPU.Build.0 = Release|Any CPU
		{B1BEA813-F455-426E-8BEA-2231378B03B5}.Debug|Any CPU.ActiveCfg = Debug|Any CPU
		{B1BEA813-F455-426E-8BEA-2231378B03B5}.Debug|Any CPU.Build.0 = Debug|Any CPU
		{B1BEA813-F455-426E-8BEA-2231378B03B5}.Release|Any CPU.ActiveCfg = Release|Any CPU
		{B1BEA813-F455-426E-8BEA-2231378B03B5}.Release|Any CPU.Build.0 = Release|Any CPU
	EndGlobalSection
	GlobalSection(SolutionProperties) = preSolution
		HideSolutionNode = FALSE
	EndGlobalSection
EndGlobal
